
Microsoft Visual Studio Solution File, Format Version 12.00
# Visual Studio Version 16
VisualStudioVersion = 16.0.30320.27
MinimumVisualStudioVersion = 10.0.40219.1
Project("{9A19103F-16F7-4668-BE54-9A1E7A4F7556}") = "AppParrotFrank", "AppParrotFrank\AppParrotFrank.csproj", "{04D830D8-DEFA-404B-9B1E-31908FB80B93}"
EndProject
Project("{9A19103F-16F7-4668-BE54-9A1E7A4F7556}") = "ParrotFrankAPI", "ParrotFrankAPI\ParrotFrankAPI.csproj", "{0314C943-B4BF-4F37-944E-332771535675}"
EndProject
Project("{9A19103F-16F7-4668-BE54-9A1E7A4F7556}") = "ParrotFrankEntities", "ParrotFrankEntities\ParrotFrankEntities.csproj", "{04A5F21A-291F-4600-8ABD-28B8F73713C4}"
EndProject
Project("{9A19103F-16F7-4668-BE54-9A1E7A4F7556}") = "ParrotFrankData", "ParrotFrankData\ParrotFrankData.csproj", "{52781304-76B9-4E9A-80EA-B5DD994F763C}"
EndProject
Project("{FAE04EC0-301F-11D3-BF4B-00C04F79EFBC}") = "ParrotFrankInterfaces", "ParrotFrankInterfaces\ParrotFrankInterfaces.csproj", "{89566C60-841A-4BF9-91CB-A30A1A3A05FB}"
EndProject
Global
	GlobalSection(SolutionConfigurationPlatforms) = preSolution
		Debug|Any CPU = Debug|Any CPU
		Release|Any CPU = Release|Any CPU
	EndGlobalSection
	GlobalSection(ProjectConfigurationPlatforms) = postSolution
		{04D830D8-DEFA-404B-9B1E-31908FB80B93}.Debug|Any CPU.ActiveCfg = Debug|Any CPU
		{04D830D8-DEFA-404B-9B1E-31908FB80B93}.Debug|Any CPU.Build.0 = Debug|Any CPU
		{04D830D8-DEFA-404B-9B1E-31908FB80B93}.Release|Any CPU.ActiveCfg = Release|Any CPU
		{04D830D8-DEFA-404B-9B1E-31908FB80B93}.Release|Any CPU.Build.0 = Release|Any CPU
		{0314C943-B4BF-4F37-944E-332771535675}.Debug|Any CPU.ActiveCfg = Debug|Any CPU
		{0314C943-B4BF-4F37-944E-332771535675}.Debug|Any CPU.Build.0 = Debug|Any CPU
		{0314C943-B4BF-4F37-944E-332771535675}.Release|Any CPU.ActiveCfg = Release|Any CPU
		{0314C943-B4BF-4F37-944E-332771535675}.Release|Any CPU.Build.0 = Release|Any CPU
		{04A5F21A-291F-4600-8ABD-28B8F73713C4}.Debug|Any CPU.ActiveCfg = Debug|Any CPU
		{04A5F21A-291F-4600-8ABD-28B8F73713C4}.Debug|Any CPU.Build.0 = Debug|Any CPU
		{04A5F21A-291F-4600-8ABD-28B8F73713C4}.Release|Any CPU.ActiveCfg = Release|Any CPU
		{04A5F21A-291F-4600-8ABD-28B8F73713C4}.Release|Any CPU.Build.0 = Release|Any CPU
		{52781304-76B9-4E9A-80EA-B5DD994F763C}.Debug|Any CPU.ActiveCfg = Debug|Any CPU
		{52781304-76B9-4E9A-80EA-B5DD994F763C}.Debug|Any CPU.Build.0 = Debug|Any CPU
		{52781304-76B9-4E9A-80EA-B5DD994F763C}.Release|Any CPU.ActiveCfg = Release|Any CPU
		{52781304-76B9-4E9A-80EA-B5DD994F763C}.Release|Any CPU.Build.0 = Release|Any CPU
		{89566C60-841A-4BF9-91CB-A30A1A3A05FB}.Debug|Any CPU.ActiveCfg = Debug|Any CPU
		{89566C60-841A-4BF9-91CB-A30A1A3A05FB}.Debug|Any CPU.Build.0 = Debug|Any CPU
		{89566C60-841A-4BF9-91CB-A30A1A3A05FB}.Release|Any CPU.ActiveCfg = Release|Any CPU
		{89566C60-841A-4BF9-91CB-A30A1A3A05FB}.Release|Any CPU.Build.0 = Release|Any CPU
	EndGlobalSection
	GlobalSection(SolutionProperties) = preSolution
		HideSolutionNode = FALSE
	EndGlobalSection
	GlobalSection(ExtensibilityGlobals) = postSolution
		SolutionGuid = {C7413567-6482-4D47-AE12-F81CBF45B132}
	EndGlobalSection
EndGlobal
