
Microsoft Visual Studio Solution File, Format Version 12.00
# Visual Studio Version 16
VisualStudioVersion = 16.0.30320.27
MinimumVisualStudioVersion = 10.0.40219.1
Project("{9A19103F-16F7-4668-BE54-9A1E7A4F7556}") = "AppParrotFrank", "AppParrotFrank\AppParrotFrank.csproj", "{04D830D8-DEFA-404B-9B1E-31908FB80B93}"
EndProject
Project("{9A19103F-16F7-4668-BE54-9A1E7A4F7556}") = "ParrotFrankAPI", "ParrotFrankAPI\ParrotFrankAPI.csproj", "{0314C943-B4BF-4F37-944E-332771535675}"
EndProject
Project("{9A19103F-16F7-4668-BE54-9A1E7A4F7556}") = "ParrotFrankEntities", "ParrotFrankEntities\ParrotFrankEntities.csproj", "{04A5F21A-291F-4600-8ABD-28B8F73713C4}"
EndProject
Project("{9A19103F-16F7-4668-BE54-9A1E7A4F7556}") = "ParrotFrankData", "ParrotFrankData\ParrotFrankData.csproj", "{52781304-76B9-4E9A-80EA-B5DD994F763C}"
EndProject
Project("{9A19103F-16F7-4668-BE54-9A1E7A4F7556}") = "ParrotFrankInterfaces", "ParrotFrankInterfaces\ParrotFrankInterfaces.csproj", "{89566C60-841A-4BF9-91CB-A30A1A3A05FB}"
EndProject
Project("{9A19103F-16F7-4668-BE54-9A1E7A4F7556}") = "ParrotFrankHelpers", "ParrotFrankHelpers\ParrotFrankHelpers.csproj", "{BC0C064A-E421-470D-ACF0-5CA1C33D49A0}"
EndProject
Project("{54435603-DBB4-11D2-8724-00A0C9A8B90C}") = "ParrotFrankInstaller", "ParrotFrankInstaller\ParrotFrankInstaller.vdproj", "{CD9D59D5-46BA-4066-A7A8-050131703BE7}"
EndProject
Project("{54435603-DBB4-11D2-8724-00A0C9A8B90C}") = "ParrotFrankAPIInstaller", "ParrotFrankAPIInstaller\ParrotFrankAPIInstaller.vdproj", "{9B586BBF-BA83-420A-8C43-AE2E5ADE15BA}"
EndProject
Project("{2150E333-8FDC-42A3-9474-1A3956D46DE8}") = "Solution Items", "Solution Items", "{B25A4A1D-0B29-49B3-A275-BE6B0AB86F75}"
	ProjectSection(SolutionItems) = preProject
		APIInstaller.rar = APIInstaller.rar
		AppInstaller.rar = AppInstaller.rar
	EndProjectSection
EndProject
Global
	GlobalSection(SolutionConfigurationPlatforms) = preSolution
		Debug|Any CPU = Debug|Any CPU
		Debug|x86 = Debug|x86
		Release|Any CPU = Release|Any CPU
		Release|x86 = Release|x86
	EndGlobalSection
	GlobalSection(ProjectConfigurationPlatforms) = postSolution
		{04D830D8-DEFA-404B-9B1E-31908FB80B93}.Debug|Any CPU.ActiveCfg = Debug|Any CPU
		{04D830D8-DEFA-404B-9B1E-31908FB80B93}.Debug|Any CPU.Build.0 = Debug|Any CPU
		{04D830D8-DEFA-404B-9B1E-31908FB80B93}.Debug|x86.ActiveCfg = Debug|Any CPU
		{04D830D8-DEFA-404B-9B1E-31908FB80B93}.Debug|x86.Build.0 = Debug|Any CPU
		{04D830D8-DEFA-404B-9B1E-31908FB80B93}.Release|Any CPU.ActiveCfg = Release|Any CPU
		{04D830D8-DEFA-404B-9B1E-31908FB80B93}.Release|Any CPU.Build.0 = Release|Any CPU
		{04D830D8-DEFA-404B-9B1E-31908FB80B93}.Release|x86.ActiveCfg = Release|Any CPU
		{04D830D8-DEFA-404B-9B1E-31908FB80B93}.Release|x86.Build.0 = Release|Any CPU
		{0314C943-B4BF-4F37-944E-332771535675}.Debug|Any CPU.ActiveCfg = Debug|Any CPU
		{0314C943-B4BF-4F37-944E-332771535675}.Debug|Any CPU.Build.0 = Debug|Any CPU
		{0314C943-B4BF-4F37-944E-332771535675}.Debug|x86.ActiveCfg = Debug|Any CPU
		{0314C943-B4BF-4F37-944E-332771535675}.Debug|x86.Build.0 = Debug|Any CPU
		{0314C943-B4BF-4F37-944E-332771535675}.Release|Any CPU.ActiveCfg = Release|Any CPU
		{0314C943-B4BF-4F37-944E-332771535675}.Release|Any CPU.Build.0 = Release|Any CPU
		{0314C943-B4BF-4F37-944E-332771535675}.Release|x86.ActiveCfg = Release|Any CPU
		{0314C943-B4BF-4F37-944E-332771535675}.Release|x86.Build.0 = Release|Any CPU
		{04A5F21A-291F-4600-8ABD-28B8F73713C4}.Debug|Any CPU.ActiveCfg = Debug|Any CPU
		{04A5F21A-291F-4600-8ABD-28B8F73713C4}.Debug|Any CPU.Build.0 = Debug|Any CPU
		{04A5F21A-291F-4600-8ABD-28B8F73713C4}.Debug|x86.ActiveCfg = Debug|Any CPU
		{04A5F21A-291F-4600-8ABD-28B8F73713C4}.Debug|x86.Build.0 = Debug|Any CPU
		{04A5F21A-291F-4600-8ABD-28B8F73713C4}.Release|Any CPU.ActiveCfg = Release|Any CPU
		{04A5F21A-291F-4600-8ABD-28B8F73713C4}.Release|Any CPU.Build.0 = Release|Any CPU
		{04A5F21A-291F-4600-8ABD-28B8F73713C4}.Release|x86.ActiveCfg = Release|Any CPU
		{04A5F21A-291F-4600-8ABD-28B8F73713C4}.Release|x86.Build.0 = Release|Any CPU
		{52781304-76B9-4E9A-80EA-B5DD994F763C}.Debug|Any CPU.ActiveCfg = Debug|Any CPU
		{52781304-76B9-4E9A-80EA-B5DD994F763C}.Debug|Any CPU.Build.0 = Debug|Any CPU
		{52781304-76B9-4E9A-80EA-B5DD994F763C}.Debug|x86.ActiveCfg = Debug|Any CPU
		{52781304-76B9-4E9A-80EA-B5DD994F763C}.Debug|x86.Build.0 = Debug|Any CPU
		{52781304-76B9-4E9A-80EA-B5DD994F763C}.Release|Any CPU.ActiveCfg = Release|Any CPU
		{52781304-76B9-4E9A-80EA-B5DD994F763C}.Release|Any CPU.Build.0 = Release|Any CPU
		{52781304-76B9-4E9A-80EA-B5DD994F763C}.Release|x86.ActiveCfg = Release|Any CPU
		{52781304-76B9-4E9A-80EA-B5DD994F763C}.Release|x86.Build.0 = Release|Any CPU
		{89566C60-841A-4BF9-91CB-A30A1A3A05FB}.Debug|Any CPU.ActiveCfg = Debug|Any CPU
		{89566C60-841A-4BF9-91CB-A30A1A3A05FB}.Debug|Any CPU.Build.0 = Debug|Any CPU
		{89566C60-841A-4BF9-91CB-A30A1A3A05FB}.Debug|x86.ActiveCfg = Debug|Any CPU
		{89566C60-841A-4BF9-91CB-A30A1A3A05FB}.Debug|x86.Build.0 = Debug|Any CPU
		{89566C60-841A-4BF9-91CB-A30A1A3A05FB}.Release|Any CPU.ActiveCfg = Release|Any CPU
		{89566C60-841A-4BF9-91CB-A30A1A3A05FB}.Release|Any CPU.Build.0 = Release|Any CPU
		{89566C60-841A-4BF9-91CB-A30A1A3A05FB}.Release|x86.ActiveCfg = Release|Any CPU
		{89566C60-841A-4BF9-91CB-A30A1A3A05FB}.Release|x86.Build.0 = Release|Any CPU
		{BC0C064A-E421-470D-ACF0-5CA1C33D49A0}.Debug|Any CPU.ActiveCfg = Debug|Any CPU
		{BC0C064A-E421-470D-ACF0-5CA1C33D49A0}.Debug|Any CPU.Build.0 = Debug|Any CPU
		{BC0C064A-E421-470D-ACF0-5CA1C33D49A0}.Debug|x86.ActiveCfg = Debug|Any CPU
		{BC0C064A-E421-470D-ACF0-5CA1C33D49A0}.Debug|x86.Build.0 = Debug|Any CPU
		{BC0C064A-E421-470D-ACF0-5CA1C33D49A0}.Release|Any CPU.ActiveCfg = Release|Any CPU
		{BC0C064A-E421-470D-ACF0-5CA1C33D49A0}.Release|Any CPU.Build.0 = Release|Any CPU
		{BC0C064A-E421-470D-ACF0-5CA1C33D49A0}.Release|x86.ActiveCfg = Release|Any CPU
		{BC0C064A-E421-470D-ACF0-5CA1C33D49A0}.Release|x86.Build.0 = Release|Any CPU
		{CD9D59D5-46BA-4066-A7A8-050131703BE7}.Debug|Any CPU.ActiveCfg = Debug
		{CD9D59D5-46BA-4066-A7A8-050131703BE7}.Debug|x86.ActiveCfg = Debug
		{CD9D59D5-46BA-4066-A7A8-050131703BE7}.Debug|x86.Build.0 = Debug
		{CD9D59D5-46BA-4066-A7A8-050131703BE7}.Release|Any CPU.ActiveCfg = Release
		{CD9D59D5-46BA-4066-A7A8-050131703BE7}.Release|x86.ActiveCfg = Release
		{CD9D59D5-46BA-4066-A7A8-050131703BE7}.Release|x86.Build.0 = Release
		{9B586BBF-BA83-420A-8C43-AE2E5ADE15BA}.Debug|Any CPU.ActiveCfg = Debug
		{9B586BBF-BA83-420A-8C43-AE2E5ADE15BA}.Debug|x86.ActiveCfg = Debug
		{9B586BBF-BA83-420A-8C43-AE2E5ADE15BA}.Release|Any CPU.ActiveCfg = Release
		{9B586BBF-BA83-420A-8C43-AE2E5ADE15BA}.Release|x86.ActiveCfg = Release
	EndGlobalSection
	GlobalSection(SolutionProperties) = preSolution
		HideSolutionNode = FALSE
	EndGlobalSection
	GlobalSection(ExtensibilityGlobals) = postSolution
		SolutionGuid = {C7413567-6482-4D47-AE12-F81CBF45B132}
	EndGlobalSection
EndGlobal
